lockVersion: 2.0.0
id: c42e71b9-4aa9-47ee-ac21-777d77b21280
management:
  docChecksum: 044ba6ea348a6fb8206cacad6926373d
  docVersion: "1.7"
  speakeasyVersion: internal
  generationVersion: 2.233.2
  releaseVersion: 1.2.2
  configChecksum: 7bbf9db11a80cfb6af0176e8b29b3e5b
  repoURL: https://github.com/writerai/writer-client-sdk-python.git
  repoSubDirectory: .
  installationURL: https://github.com/writerai/writer-client-sdk-python.git
  published: true
features:
  python:
    core: 4.4.1
    devContainers: 2.86.0
    downloadStreams: 0.0.2
    errors: 2.81.8
    flattening: 2.81.1
    globalSecurity: 2.83.1
    globalServerURLs: 2.82.1
    globals: 2.81.1
    nameOverrides: 2.81.1
generatedFiles:
  - src/writer/sdkconfiguration.py
  - src/writer/billing.py
  - src/writer/ai_content_detector.py
  - src/writer/content.py
  - src/writer/cowrite.py
  - src/writer/files.py
  - src/writer/models_.py
  - src/writer/completions.py
  - src/writer/modelcustomization_sdk.py
  - src/writer/download_the_customized_model.py
  - src/writer/document_sdk.py
  - src/writer/snippet.py
  - src/writer/styleguide.py
  - src/writer/terminology.py
  - src/writer/user.py
  - src/writer/sdk.py
  - pylintrc
  - setup.py
  - src/writer/__init__.py
  - src/writer/utils/__init__.py
  - src/writer/utils/retries.py
  - src/writer/utils/utils.py
  - src/writer/models/sdkerror.py
  - tests/helpers.py
  - src/writer/models/getsubscriptiondetailsop.py
  - src/writer/models/subscriptionpublicresponseapi.py
  - src/writer/models/usage.py
  - src/writer/models/usageitem.py
  - src/writer/models/metadata.py
  - src/writer/models/failresponse.py
  - src/writer/models/failmessage.py
  - src/writer/models/detectcontentop.py
  - src/writer/models/contentdetectorresponse.py
  - src/writer/models/contentdetectorrequest.py
  - src/writer/models/contentcheckop.py
  - src/writer/models/processedcontent.py
  - src/writer/models/contentissue.py
  - src/writer/models/contentrequest.py
  - src/writer/models/contentsettings.py
  - src/writer/models/contentcorrectop.py
  - src/writer/models/correctionresponse.py
  - src/writer/models/generate_contentop.py
  - src/writer/models/draft.py
  - src/writer/models/generatetemplaterequest.py
  - src/writer/models/magicrequestinput.py
  - src/writer/models/listtemplatesop.py
  - src/writer/models/templatedetailsresponse.py
  - src/writer/models/input.py
  - src/writer/models/deletefileop.py
  - src/writer/models/getfileop.py
  - src/writer/models/modelfile.py
  - src/writer/models/listfilesop.py
  - src/writer/models/modelfilesresponse.py
  - src/writer/models/uploadfileop.py
  - src/writer/models/uploadmodelfilerequest.py
  - src/writer/models/listmodelsop.py
  - src/writer/models/generationmodelsresponse.py
  - src/writer/models/generationmodelinforesponse.py
  - src/writer/models/createcompletionop.py
  - src/writer/models/completionresponse.py
  - src/writer/models/completiongenerationchoice.py
  - src/writer/models/completiongenerationchoicelogprobs.py
  - src/writer/models/completionrequest.py
  - src/writer/models/createmodelcustomizationcompletionop.py
  - src/writer/models/createmodelcustomizationop.py
  - src/writer/models/modelcustomization.py
  - src/writer/models/hyperparameters.py
  - src/writer/models/createcustomizationrequest.py
  - src/writer/models/deletemodelcustomizationop.py
  - src/writer/models/getmodelcustomizationop.py
  - src/writer/models/listmodelcustomizationsop.py
  - src/writer/models/customizationsresponse.py
  - src/writer/models/fetchcustomizedmodelfileop.py
  - src/writer/models/getdocumentdetailsop.py
  - src/writer/models/document.py
  - src/writer/models/simpleuser.py
  - src/writer/models/listteamdocumentsop.py
  - src/writer/models/briefdocuments.py
  - src/writer/models/briefdocument.py
  - src/writer/models/pagination.py
  - src/writer/models/deletesnippetsop.py
  - src/writer/models/deleteresponse.py
  - src/writer/models/findsnippetsop.py
  - src/writer/models/paginatedresult_snippetwithuser.py
  - src/writer/models/snippetwithuser.py
  - src/writer/models/snippettagv2.py
  - src/writer/models/terminologyuser.py
  - src/writer/models/updatesnippetsop.py
  - src/writer/models/snippetupdate.py
  - src/writer/models/pagedetailsop.py
  - src/writer/models/pagewithsectionresponse.py
  - src/writer/models/sectioninfo.py
  - src/writer/models/listpagesop.py
  - src/writer/models/paginatedresult_pagepublicapiresponse.py
  - src/writer/models/pagepublicapiresponse.py
  - src/writer/models/addtermsop.py
  - src/writer/models/createtermsresponse.py
  - src/writer/models/fulltermwithuser.py
  - src/writer/models/termtagresponse.py
  - src/writer/models/termmistake.py
  - src/writer/models/fulllinkedterm.py
  - src/writer/models/approvedtermextension.py
  - src/writer/models/termexample.py
  - src/writer/models/createtermsrequest.py
  - src/writer/models/termcreate.py
  - src/writer/models/termtagcreate.py
  - src/writer/models/termmistakecreate.py
  - src/writer/models/linkedtermcreate.py
  - src/writer/models/termexamplecreate.py
  - src/writer/models/approvedtermextensioncreate.py
  - src/writer/models/deletetermsop.py
  - src/writer/models/findtermsop.py
  - src/writer/models/paginatedresult_fulltermwithuser.py
  - src/writer/models/updatetermsop.py
  - src/writer/models/updatetermsrequest.py
  - src/writer/models/termupdate.py
  - src/writer/models/listusersop.py
  - src/writer/models/paginatedresult_userpublicresponse.py
  - src/writer/models/userpublicresponse.py
  - src/writer/models/security.py
  - src/writer/models/__init__.py
  - docs/models/getsubscriptiondetailsresponse.md
  - docs/models/productname.md
  - docs/models/subscriptionpublicresponseapistatus.md
  - docs/models/subscriptionpublicresponseapi.md
  - docs/models/usage.md
  - docs/models/usageitem.md
  - docs/models/tier.md
  - docs/models/metadata.md
  - docs/models/failresponse.md
  - docs/models/failmessage.md
  - docs/models/detectcontentrequest.md
  - docs/models/detectcontentresponse.md
  - docs/models/label.md
  - docs/models/contentdetectorresponse.md
  - docs/models/contentdetectorrequest.md
  - docs/models/contentcheckrequest.md
  - docs/models/contentcheckresponse.md
  - docs/models/processedcontent.md
  - docs/models/service.md
  - docs/models/contentissue.md
  - docs/models/contentrequest.md
  - docs/models/contentsettings.md
  - docs/models/contentcorrectrequest.md
  - docs/models/contentcorrectresponse.md
  - docs/models/correctionresponse.md
  - docs/models/generatecontentrequest.md
  - docs/models/generatecontentresponse.md
  - docs/models/draft.md
  - docs/models/generatetemplaterequest.md
  - docs/models/magicrequestinput.md
  - docs/models/listtemplatesrequest.md
  - docs/models/listtemplatesresponse.md
  - docs/models/templatedetailsresponse.md
  - docs/models/inputtype.md
  - docs/models/input.md
  - docs/models/deletefilerequest.md
  - docs/models/deletefileresponsebody.md
  - docs/models/deletefileresponse.md
  - docs/models/getfilerequest.md
  - docs/models/getfileresponse.md
  - docs/models/modelfile.md
  - docs/models/listfilesrequest.md
  - docs/models/listfilesresponse.md
  - docs/models/modelfilesresponse.md
  - docs/models/uploadfilerequest.md
  - docs/models/uploadfileresponse.md
  - docs/models/file.md
  - docs/models/uploadmodelfilerequest.md
  - docs/models/listmodelsrequest.md
  - docs/models/listmodelsresponse.md
  - docs/models/generationmodelsresponse.md
  - docs/models/generationmodelinforesponsetype.md
  - docs/models/generationmodelinforesponse.md
  - docs/models/createcompletionrequest.md
  - docs/models/createcompletionresponse.md
  - docs/models/completionresponse.md
  - docs/models/completiongenerationchoice.md
  - docs/models/completiongenerationchoicelogprobs.md
  - docs/models/completionrequest.md
  - docs/models/createmodelcustomizationcompletionrequest.md
  - docs/models/createmodelcustomizationcompletionresponse.md
  - docs/models/createmodelcustomizationrequest.md
  - docs/models/createmodelcustomizationresponse.md
  - docs/models/modelcustomization.md
  - docs/models/hyperparameters.md
  - docs/models/createcustomizationrequest.md
  - docs/models/deletemodelcustomizationrequest.md
  - docs/models/deletemodelcustomizationresponsebody.md
  - docs/models/deletemodelcustomizationresponse.md
  - docs/models/getmodelcustomizationrequest.md
  - docs/models/getmodelcustomizationresponse.md
  - docs/models/listmodelcustomizationsrequest.md
  - docs/models/listmodelcustomizationsresponse.md
  - docs/models/customizationsresponse.md
  - docs/models/fetchcustomizedmodelfilerequest.md
  - docs/models/fetchcustomizedmodelfileresponse.md
  - docs/models/getdocumentdetailsrequest.md
  - docs/models/getdocumentdetailsresponse.md
  - docs/models/documentaccess.md
  - docs/models/document.md
  - docs/models/simpleuser.md
  - docs/models/listteamdocumentsqueryparamsortfield.md
  - docs/models/listteamdocumentsqueryparamsortorder.md
  - docs/models/listteamdocumentsrequest.md
  - docs/models/listteamdocumentsresponse.md
  - docs/models/briefdocuments.md
  - docs/models/access.md
  - docs/models/briefdocument.md
  - docs/models/pagination.md
  - docs/models/deletesnippetsrequest.md
  - docs/models/deletesnippetsresponse.md
  - docs/models/deleteresponse.md
  - docs/models/sortfield.md
  - docs/models/sortorder.md
  - docs/models/findsnippetsrequest.md
  - docs/models/findsnippetsresponse.md
  - docs/models/paginatedresultsnippetwithuser.md
  - docs/models/snippetwithuser.md
  - docs/models/snippettagv2.md
  - docs/models/terminologyuser.md
  - docs/models/updatesnippetsrequest.md
  - docs/models/updatesnippetsresponse.md
  - docs/models/snippetupdate.md
  - docs/models/pagedetailsrequest.md
  - docs/models/pagedetailsresponse.md
  - docs/models/pagewithsectionresponsestatus.md
  - docs/models/pagewithsectionresponse.md
  - docs/models/sectioninfo.md
  - docs/models/queryparamstatus.md
  - docs/models/listpagesrequest.md
  - docs/models/listpagesresponse.md
  - docs/models/paginatedresultpagepublicapiresponse.md
  - docs/models/status.md
  - docs/models/pagepublicapiresponse.md
  - docs/models/addtermsrequest.md
  - docs/models/addtermsresponse.md
  - docs/models/createtermsresponse.md
  - docs/models/fulltermwithuserpos.md
  - docs/models/type.md
  - docs/models/fulltermwithuser.md
  - docs/models/termtagresponse.md
  - docs/models/termmistakepos.md
  - docs/models/termmistake.md
  - docs/models/pos.md
  - docs/models/fulllinkedterm.md
  - docs/models/approvedtermextension.md
  - docs/models/termexampletype.md
  - docs/models/termexample.md
  - docs/models/failhandling.md
  - docs/models/createtermsrequest.md
  - docs/models/termcreatepos.md
  - docs/models/termcreatetype.md
  - docs/models/termcreate.md
  - docs/models/termtagcreate.md
  - docs/models/termmistakecreatepos.md
  - docs/models/termmistakecreate.md
  - docs/models/linkedtermcreate.md
  - docs/models/termexamplecreatetype.md
  - docs/models/termexamplecreate.md
  - docs/models/approvedtermextensioncreate.md
  - docs/models/deletetermsrequest.md
  - docs/models/deletetermsresponse.md
  - docs/models/partofspeech.md
  - docs/models/queryparamsortfield.md
  - docs/models/queryparamsortorder.md
  - docs/models/queryparamtype.md
  - docs/models/findtermsrequest.md
  - docs/models/findtermsresponse.md
  - docs/models/paginatedresultfulltermwithuser.md
  - docs/models/updatetermsrequest1.md
  - docs/models/updatetermsresponse.md
  - docs/models/updatetermsrequestfailhandling.md
  - docs/models/updatetermsrequest.md
  - docs/models/termupdatepos.md
  - docs/models/termupdatetype.md
  - docs/models/termupdate.md
  - docs/models/listusersqueryparamsortfield.md
  - docs/models/listusersqueryparamsortorder.md
  - docs/models/listusersrequest.md
  - docs/models/listusersresponse.md
  - docs/models/paginatedresultuserpublicresponse.md
  - docs/models/accountstatus.md
  - docs/models/userpublicresponse.md
  - docs/models/security.md
  - docs/sdks/writer/README.md
  - docs/sdks/billing/README.md
  - docs/sdks/aicontentdetector/README.md
  - docs/sdks/content/README.md
  - docs/sdks/cowrite/README.md
  - docs/sdks/files/README.md
  - docs/sdks/models/README.md
  - docs/sdks/completions/README.md
  - docs/sdks/modelcustomizationsdk/README.md
  - docs/sdks/downloadthecustomizedmodel/README.md
  - docs/sdks/documentsdk/README.md
  - docs/sdks/snippet/README.md
  - docs/sdks/styleguide/README.md
  - docs/sdks/terminology/README.md
  - docs/sdks/user/README.md
  - USAGE.md
  - .gitattributes
  - .devcontainer/README.md
  - .devcontainer/devcontainer.json
  - .devcontainer/setup.sh
